
Microsoft Visual Studio Solution File, Format Version 12.00
# Visual Studio 15
VisualStudioVersion = 15.0.27004.2006
MinimumVisualStudioVersion = 10.0.40219.1
Project("{FAE04EC0-301F-11D3-BF4B-00C04F79EFBC}") = "XmlSerializerDemo", "XmlSerializerDemo.csproj", "{C3F82629-B718-46E2-9ECC-F95D06D59FFE}"
EndProject
Global
	GlobalSection(SolutionConfigurationPlatforms) = preSolution
		Debug|Any CPU = Debug|Any CPU
		Release|Any CPU = Release|Any CPU
	EndGlobalSection
	GlobalSection(ProjectConfigurationPlatforms) = postSolution
		{C3F82629-B718-46E2-9ECC-F95D06D59FFE}.Debug|Any CPU.ActiveCfg = Debug|Any CPU
		{C3F82629-B718-46E2-9ECC-F95D06D59FFE}.Debug|Any CPU.Build.0 = Debug|Any CPU
		{C3F82629-B718-46E2-9ECC-F95D06D59FFE}.Release|Any CPU.ActiveCfg = Release|Any CPU
		{C3F82629-B718-46E2-9ECC-F95D06D59FFE}.Release|Any CPU.Build.0 = Release|Any CPU
	EndGlobalSection
	GlobalSection(SolutionProperties) = preSolution
		HideSolutionNode = FALSE
	EndGlobalSection
	GlobalSection(ExtensibilityGlobals) = postSolution
		SolutionGuid = {E5C3EC6E-71A5-4A4B-B372-B045CCC82B0A}
	EndGlobalSection
EndGlobal
