
Microsoft Visual Studio Solution File, Format Version 12.00
# Visual Studio 15
VisualStudioVersion = 15.0.27004.2002
MinimumVisualStudioVersion = 10.0.40219.1
Project("{FAE04EC0-301F-11D3-BF4B-00C04F79EFBC}") = "ConsoleDemo", "ConsoleDemo\ConsoleDemo.csproj", "{1704D72E-D596-42A7-9986-97A3C4AEDA4B}"
EndProject
Project("{FAE04EC0-301F-11D3-BF4B-00C04F79EFBC}") = "AspNetDemo", "AspNetDemo\AspNetDemo.csproj", "{15E6D2C1-0EAE-4D42-BCFC-468694E64406}"
EndProject
Global
	GlobalSection(SolutionConfigurationPlatforms) = preSolution
		Debug|Any CPU = Debug|Any CPU
		Release|Any CPU = Release|Any CPU
	EndGlobalSection
	GlobalSection(ProjectConfigurationPlatforms) = postSolution
		{1704D72E-D596-42A7-9986-97A3C4AEDA4B}.Debug|Any CPU.ActiveCfg = Debug|Any CPU
		{1704D72E-D596-42A7-9986-97A3C4AEDA4B}.Debug|Any CPU.Build.0 = Debug|Any CPU
		{1704D72E-D596-42A7-9986-97A3C4AEDA4B}.Release|Any CPU.ActiveCfg = Release|Any CPU
		{1704D72E-D596-42A7-9986-97A3C4AEDA4B}.Release|Any CPU.Build.0 = Release|Any CPU
		{15E6D2C1-0EAE-4D42-BCFC-468694E64406}.Debug|Any CPU.ActiveCfg = Debug|Any CPU
		{15E6D2C1-0EAE-4D42-BCFC-468694E64406}.Debug|Any CPU.Build.0 = Debug|Any CPU
		{15E6D2C1-0EAE-4D42-BCFC-468694E64406}.Release|Any CPU.ActiveCfg = Release|Any CPU
		{15E6D2C1-0EAE-4D42-BCFC-468694E64406}.Release|Any CPU.Build.0 = Release|Any CPU
	EndGlobalSection
	GlobalSection(SolutionProperties) = preSolution
		HideSolutionNode = FALSE
	EndGlobalSection
	GlobalSection(ExtensibilityGlobals) = postSolution
		SolutionGuid = {D56A91BD-1154-42F4-BD45-8B01E22CB9C5}
	EndGlobalSection
EndGlobal
